
Microsoft Visual Studio Solution File, Format Version 12.00
# Visual Studio 15
VisualStudioVersion = 15.0.27130.2010
MinimumVisualStudioVersion = 10.0.40219.1
Project("{FAE04EC0-301F-11D3-BF4B-00C04F79EFBC}") = "BLOGGER.Web", "BLOGGER.Web\BLOGGER.Web.csproj", "{0F523BDD-DE1D-4D5D-AA5F-611AB456B034}"
EndProject
Project("{FAE04EC0-301F-11D3-BF4B-00C04F79EFBC}") = "BLOGGER.BusinessLayer", "BLOGGER.BusinessLayer\BLOGGER.BusinessLayer.csproj", "{11615438-336E-4B93-BF15-E1B7114EEC96}"
EndProject
Project("{FAE04EC0-301F-11D3-BF4B-00C04F79EFBC}") = "BLOGGER.Data", "BLOGGER.Data\BLOGGER.Data.csproj", "{43F0960D-75DE-4EB0-9B81-0F8949C11138}"
EndProject
Global
	GlobalSection(SolutionConfigurationPlatforms) = preSolution
		Debug|Any CPU = Debug|Any CPU
		Release|Any CPU = Release|Any CPU
	EndGlobalSection
	GlobalSection(ProjectConfigurationPlatforms) = postSolution
		{0F523BDD-DE1D-4D5D-AA5F-611AB456B034}.Debug|Any CPU.ActiveCfg = Debug|Any CPU
		{0F523BDD-DE1D-4D5D-AA5F-611AB456B034}.Debug|Any CPU.Build.0 = Debug|Any CPU
		{0F523BDD-DE1D-4D5D-AA5F-611AB456B034}.Release|Any CPU.ActiveCfg = Release|Any CPU
		{0F523BDD-DE1D-4D5D-AA5F-611AB456B034}.Release|Any CPU.Build.0 = Release|Any CPU
		{11615438-336E-4B93-BF15-E1B7114EEC96}.Debug|Any CPU.ActiveCfg = Debug|Any CPU
		{11615438-336E-4B93-BF15-E1B7114EEC96}.Debug|Any CPU.Build.0 = Debug|Any CPU
		{11615438-336E-4B93-BF15-E1B7114EEC96}.Release|Any CPU.ActiveCfg = Release|Any CPU
		{11615438-336E-4B93-BF15-E1B7114EEC96}.Release|Any CPU.Build.0 = Release|Any CPU
		{43F0960D-75DE-4EB0-9B81-0F8949C11138}.Debug|Any CPU.ActiveCfg = Debug|Any CPU
		{43F0960D-75DE-4EB0-9B81-0F8949C11138}.Debug|Any CPU.Build.0 = Debug|Any CPU
		{43F0960D-75DE-4EB0-9B81-0F8949C11138}.Release|Any CPU.ActiveCfg = Release|Any CPU
		{43F0960D-75DE-4EB0-9B81-0F8949C11138}.Release|Any CPU.Build.0 = Release|Any CPU
	EndGlobalSection
	GlobalSection(SolutionProperties) = preSolution
		HideSolutionNode = FALSE
	EndGlobalSection
	GlobalSection(ExtensibilityGlobals) = postSolution
		SolutionGuid = {39A9CAB8-37DD-40B5-B7E0-C7E507B5EBA5}
	EndGlobalSection
EndGlobal
